
Microsoft Visual Studio Solution File, Format Version 12.00
# Visual Studio Version 17
VisualStudioVersion = 17.11.35222.181
MinimumVisualStudioVersion = 10.0.40219.1
Project("{FAE04EC0-301F-11D3-BF4B-00C04F79EFBC}") = "Exception handling", "Exception handling\Exception handling.csproj", "{3E9C1502-B1EB-47C4-B808-54385AAFD53B}"
EndProject
Global
	GlobalSection(SolutionConfigurationPlatforms) = preSolution
		Debug|Any CPU = Debug|Any CPU
		Release|Any CPU = Release|Any CPU
	EndGlobalSection
	GlobalSection(ProjectConfigurationPlatforms) = postSolution
		{3E9C1502-B1EB-47C4-B808-54385AAFD53B}.Debug|Any CPU.ActiveCfg = Debug|Any CPU
		{3E9C1502-B1EB-47C4-B808-54385AAFD53B}.Debug|Any CPU.Build.0 = Debug|Any CPU
		{3E9C1502-B1EB-47C4-B808-54385AAFD53B}.Release|Any CPU.ActiveCfg = Release|Any CPU
		{3E9C1502-B1EB-47C4-B808-54385AAFD53B}.Release|Any CPU.Build.0 = Release|Any CPU
	EndGlobalSection
	GlobalSection(SolutionProperties) = preSolution
		HideSolutionNode = FALSE
	EndGlobalSection
	GlobalSection(ExtensibilityGlobals) = postSolution
		SolutionGuid = {0DE848BE-1C4F-4E15-A02E-42B828E6877C}
	EndGlobalSection
EndGlobal
